
Microsoft Visual Studio Solution File, Format Version 12.00
# Visual Studio Version 16
VisualStudioVersion = 16.0.31205.134
MinimumVisualStudioVersion = 10.0.40219.1
Project("{FAE04EC0-301F-11D3-BF4B-00C04F79EFBC}") = "Loggs", "Loggs.csproj", "{79B87A82-3861-4EC4-88C0-93204187976B}"
EndProject
Global
	GlobalSection(SolutionConfigurationPlatforms) = preSolution
		Debug|Any CPU = Debug|Any CPU
		Release|Any CPU = Release|Any CPU
	EndGlobalSection
	GlobalSection(ProjectConfigurationPlatforms) = postSolution
		{79B87A82-3861-4EC4-88C0-93204187976B}.Debug|Any CPU.ActiveCfg = Debug|Any CPU
		{79B87A82-3861-4EC4-88C0-93204187976B}.Debug|Any CPU.Build.0 = Debug|Any CPU
		{79B87A82-3861-4EC4-88C0-93204187976B}.Release|Any CPU.ActiveCfg = Release|Any CPU
		{79B87A82-3861-4EC4-88C0-93204187976B}.Release|Any CPU.Build.0 = Release|Any CPU
	EndGlobalSection
	GlobalSection(SolutionProperties) = preSolution
		HideSolutionNode = FALSE
	EndGlobalSection
	GlobalSection(ExtensibilityGlobals) = postSolution
		SolutionGuid = {082F1806-A8A4-4D67-911B-5C849140715E}
	EndGlobalSection
EndGlobal
